
Microsoft Visual Studio Solution File, Format Version 12.00
# Visual Studio Version 17
VisualStudioVersion = 17.2.32616.157
MinimumVisualStudioVersion = 10.0.40219.1
Project("{FAE04EC0-301F-11D3-BF4B-00C04F79EFBC}") = "Az204SampleAppVm", "Az204SampleAppVm\Az204SampleAppVm.csproj", "{4F3A37C1-A5F6-44AE-94B2-D34960AA38EC}"
EndProject
Global
	GlobalSection(SolutionConfigurationPlatforms) = preSolution
		Debug|Any CPU = Debug|Any CPU
		Release|Any CPU = Release|Any CPU
	EndGlobalSection
	GlobalSection(ProjectConfigurationPlatforms) = postSolution
		{4F3A37C1-A5F6-44AE-94B2-D34960AA38EC}.Debug|Any CPU.ActiveCfg = Debug|Any CPU
		{4F3A37C1-A5F6-44AE-94B2-D34960AA38EC}.Debug|Any CPU.Build.0 = Debug|Any CPU
		{4F3A37C1-A5F6-44AE-94B2-D34960AA38EC}.Release|Any CPU.ActiveCfg = Release|Any CPU
		{4F3A37C1-A5F6-44AE-94B2-D34960AA38EC}.Release|Any CPU.Build.0 = Release|Any CPU
	EndGlobalSection
	GlobalSection(SolutionProperties) = preSolution
		HideSolutionNode = FALSE
	EndGlobalSection
	GlobalSection(ExtensibilityGlobals) = postSolution
		SolutionGuid = {F4327879-10AE-4AAF-B86C-B87C849CE1F0}
	EndGlobalSection
EndGlobal
